
Microsoft Visual Studio Solution File, Format Version 12.00
# Visual Studio Version 17
VisualStudioVersion = 17.0.32014.148
MinimumVisualStudioVersion = 10.0.40219.1
Project("{FAE04EC0-301F-11D3-BF4B-00C04F79EFBC}") = "Day_9_Rope_Bridge", "Day_9_Rope_Bridge.csproj", "{7DF7DB65-C447-4B73-B1C6-E3815D01C440}"
EndProject
Global
	GlobalSection(SolutionConfigurationPlatforms) = preSolution
		Debug|Any CPU = Debug|Any CPU
		Release|Any CPU = Release|Any CPU
	EndGlobalSection
	GlobalSection(ProjectConfigurationPlatforms) = postSolution
		{7DF7DB65-C447-4B73-B1C6-E3815D01C440}.Debug|Any CPU.ActiveCfg = Debug|Any CPU
		{7DF7DB65-C447-4B73-B1C6-E3815D01C440}.Debug|Any CPU.Build.0 = Debug|Any CPU
		{7DF7DB65-C447-4B73-B1C6-E3815D01C440}.Release|Any CPU.ActiveCfg = Release|Any CPU
		{7DF7DB65-C447-4B73-B1C6-E3815D01C440}.Release|Any CPU.Build.0 = Release|Any CPU
	EndGlobalSection
	GlobalSection(SolutionProperties) = preSolution
		HideSolutionNode = FALSE
	EndGlobalSection
	GlobalSection(ExtensibilityGlobals) = postSolution
		SolutionGuid = {5565EA6D-397D-4A26-A56C-7AD7DD2F29D5}
	EndGlobalSection
EndGlobal
